<?xml version="1.0" encoding="utf-8"?>
<Project ToolsVersion="16.0" xmlns="http://schemas.microsoft.com/developer/msbuild/2003">
  <ItemGroup>
    <CustomBuild Include="C:\dev\SlicerFirstExtension\VirtualDissection\CMakeFiles\8ff5120e0a681c150b418708828fb7ad\vtkSlicerVDModuleLogicHierarchy.txt.rule">
      <Filter>CMake Rules</Filter>
    </CustomBuild>
    <CustomBuild Include="C:\dev\SlicerFirstExtension\VirtualDissection\CMakeFiles\b30fd0c1525ed300fae06acd2fd622a5\vtkSlicerVDModuleLogicHierarchy.rule">
      <Filter>CMake Rules</Filter>
    </CustomBuild>
    <CustomBuild Include="C:\dev\SlicerFirstExtension\VirtualDissection\VD\Logic\CMakeLists.txt" />
  </ItemGroup>
  <ItemGroup>
    <None Include="C:\dev\SlicerFirstExtension\VirtualDissection\VD\Logic\CMakeFiles\vtkSlicerVDModuleLogicHierarchy" />
  </ItemGroup>
  <ItemGroup>
    <Filter Include="CMake Rules">
      <UniqueIdentifier>{78BF20D2-0DDC-3E74-B1BD-0893E3A7BB0A}</UniqueIdentifier>
    </Filter>
  </ItemGroup>
</Project>
