
Microsoft Visual Studio Solution File, Format Version 12.00
# Visual Studio Version 16
Project("{8BC9CEB8-8B4A-11D0-8D11-00A0C91BC942}") = "ALL_BUILD", "ALL_BUILD.vcxproj", "{03457A96-884A-355A-B551-9CDB1A8A3862}"
	ProjectSection(ProjectDependencies) = postProject
		{C1263F5F-402D-301E-B84C-6679DB2AEB50} = {C1263F5F-402D-301E-B84C-6679DB2AEB50}
		{1F58833C-3B90-3FCD-8598-4AB7F0E69BF5} = {1F58833C-3B90-3FCD-8598-4AB7F0E69BF5}
		{C6E67261-8F3C-3254-8519-3C689003CB8F} = {C6E67261-8F3C-3254-8519-3C689003CB8F}
		{48BE985A-A4E4-31CC-B634-0C17FC8616D1} = {48BE985A-A4E4-31CC-B634-0C17FC8616D1}
	EndProjectSection
EndProject
Project("{8BC9CEB8-8B4A-11D0-8D11-00A0C91BC942}") = "INSTALL", "INSTALL.vcxproj", "{81120424-9CF1-3D1F-89AE-51444BD0AD97}"
	ProjectSection(ProjectDependencies) = postProject
		{03457A96-884A-355A-B551-9CDB1A8A3862} = {03457A96-884A-355A-B551-9CDB1A8A3862}
		{C1263F5F-402D-301E-B84C-6679DB2AEB50} = {C1263F5F-402D-301E-B84C-6679DB2AEB50}
	EndProjectSection
EndProject
Project("{8BC9CEB8-8B4A-11D0-8D11-00A0C91BC942}") = "PACKAGE", "PACKAGE.vcxproj", "{E8491E37-EF46-3AD0-9410-745DF7AB948E}"
	ProjectSection(ProjectDependencies) = postProject
		{03457A96-884A-355A-B551-9CDB1A8A3862} = {03457A96-884A-355A-B551-9CDB1A8A3862}
		{C1263F5F-402D-301E-B84C-6679DB2AEB50} = {C1263F5F-402D-301E-B84C-6679DB2AEB50}
	EndProjectSection
EndProject
Project("{8BC9CEB8-8B4A-11D0-8D11-00A0C91BC942}") = "RUN_TESTS", "RUN_TESTS.vcxproj", "{27964806-95CE-3236-9517-189B1E2EFED5}"
	ProjectSection(ProjectDependencies) = postProject
		{C1263F5F-402D-301E-B84C-6679DB2AEB50} = {C1263F5F-402D-301E-B84C-6679DB2AEB50}
	EndProjectSection
EndProject
Project("{8BC9CEB8-8B4A-11D0-8D11-00A0C91BC942}") = "ZERO_CHECK", "..\..\\ZERO_CHECK.vcxproj", "{C1263F5F-402D-301E-B84C-6679DB2AEB50}"
	ProjectSection(ProjectDependencies) = postProject
	EndProjectSection
EndProject
Project("{8BC9CEB8-8B4A-11D0-8D11-00A0C91BC942}") = "vtkSlicerVDModuleLogic", "vtkSlicerVDModuleLogic.vcxproj", "{1F58833C-3B90-3FCD-8598-4AB7F0E69BF5}"
	ProjectSection(ProjectDependencies) = postProject
		{C1263F5F-402D-301E-B84C-6679DB2AEB50} = {C1263F5F-402D-301E-B84C-6679DB2AEB50}
	EndProjectSection
EndProject
Project("{8BC9CEB8-8B4A-11D0-8D11-00A0C91BC942}") = "vtkSlicerVDModuleLogicHierarchy", "vtkSlicerVDModuleLogicHierarchy.vcxproj", "{A33EE6C4-E76E-38B6-87EF-031FA15B687E}"
	ProjectSection(ProjectDependencies) = postProject
		{C1263F5F-402D-301E-B84C-6679DB2AEB50} = {C1263F5F-402D-301E-B84C-6679DB2AEB50}
	EndProjectSection
EndProject
Project("{8BC9CEB8-8B4A-11D0-8D11-00A0C91BC942}") = "vtkSlicerVDModuleLogicPython", "vtkSlicerVDModuleLogicPython.vcxproj", "{C6E67261-8F3C-3254-8519-3C689003CB8F}"
	ProjectSection(ProjectDependencies) = postProject
		{C1263F5F-402D-301E-B84C-6679DB2AEB50} = {C1263F5F-402D-301E-B84C-6679DB2AEB50}
		{1F58833C-3B90-3FCD-8598-4AB7F0E69BF5} = {1F58833C-3B90-3FCD-8598-4AB7F0E69BF5}
		{48BE985A-A4E4-31CC-B634-0C17FC8616D1} = {48BE985A-A4E4-31CC-B634-0C17FC8616D1}
	EndProjectSection
EndProject
Project("{8BC9CEB8-8B4A-11D0-8D11-00A0C91BC942}") = "vtkSlicerVDModuleLogicPythonD", "vtkSlicerVDModuleLogicPythonD.vcxproj", "{48BE985A-A4E4-31CC-B634-0C17FC8616D1}"
	ProjectSection(ProjectDependencies) = postProject
		{C1263F5F-402D-301E-B84C-6679DB2AEB50} = {C1263F5F-402D-301E-B84C-6679DB2AEB50}
		{1F58833C-3B90-3FCD-8598-4AB7F0E69BF5} = {1F58833C-3B90-3FCD-8598-4AB7F0E69BF5}
		{A33EE6C4-E76E-38B6-87EF-031FA15B687E} = {A33EE6C4-E76E-38B6-87EF-031FA15B687E}
	EndProjectSection
EndProject
Global
	GlobalSection(SolutionConfigurationPlatforms) = preSolution
		Debug|x64 = Debug|x64
		Release|x64 = Release|x64
		MinSizeRel|x64 = MinSizeRel|x64
		RelWithDebInfo|x64 = RelWithDebInfo|x64
	EndGlobalSection
	GlobalSection(ProjectConfigurationPlatforms) = postSolution
		{03457A96-884A-355A-B551-9CDB1A8A3862}.Debug|x64.ActiveCfg = Debug|x64
		{03457A96-884A-355A-B551-9CDB1A8A3862}.Debug|x64.Build.0 = Debug|x64
		{03457A96-884A-355A-B551-9CDB1A8A3862}.Release|x64.ActiveCfg = Release|x64
		{03457A96-884A-355A-B551-9CDB1A8A3862}.Release|x64.Build.0 = Release|x64
		{03457A96-884A-355A-B551-9CDB1A8A3862}.MinSizeRel|x64.ActiveCfg = MinSizeRel|x64
		{03457A96-884A-355A-B551-9CDB1A8A3862}.MinSizeRel|x64.Build.0 = MinSizeRel|x64
		{03457A96-884A-355A-B551-9CDB1A8A3862}.RelWithDebInfo|x64.ActiveCfg = RelWithDebInfo|x64
		{03457A96-884A-355A-B551-9CDB1A8A3862}.RelWithDebInfo|x64.Build.0 = RelWithDebInfo|x64
		{81120424-9CF1-3D1F-89AE-51444BD0AD97}.Debug|x64.ActiveCfg = Debug|x64
		{81120424-9CF1-3D1F-89AE-51444BD0AD97}.Release|x64.ActiveCfg = Release|x64
		{81120424-9CF1-3D1F-89AE-51444BD0AD97}.MinSizeRel|x64.ActiveCfg = MinSizeRel|x64
		{81120424-9CF1-3D1F-89AE-51444BD0AD97}.RelWithDebInfo|x64.ActiveCfg = RelWithDebInfo|x64
		{E8491E37-EF46-3AD0-9410-745DF7AB948E}.Debug|x64.ActiveCfg = Debug|x64
		{E8491E37-EF46-3AD0-9410-745DF7AB948E}.Release|x64.ActiveCfg = Release|x64
		{E8491E37-EF46-3AD0-9410-745DF7AB948E}.MinSizeRel|x64.ActiveCfg = MinSizeRel|x64
		{E8491E37-EF46-3AD0-9410-745DF7AB948E}.RelWithDebInfo|x64.ActiveCfg = RelWithDebInfo|x64
		{27964806-95CE-3236-9517-189B1E2EFED5}.Debug|x64.ActiveCfg = Debug|x64
		{27964806-95CE-3236-9517-189B1E2EFED5}.Release|x64.ActiveCfg = Release|x64
		{27964806-95CE-3236-9517-189B1E2EFED5}.MinSizeRel|x64.ActiveCfg = MinSizeRel|x64
		{27964806-95CE-3236-9517-189B1E2EFED5}.RelWithDebInfo|x64.ActiveCfg = RelWithDebInfo|x64
		{C1263F5F-402D-301E-B84C-6679DB2AEB50}.Debug|x64.ActiveCfg = Debug|x64
		{C1263F5F-402D-301E-B84C-6679DB2AEB50}.Debug|x64.Build.0 = Debug|x64
		{C1263F5F-402D-301E-B84C-6679DB2AEB50}.Release|x64.ActiveCfg = Release|x64
		{C1263F5F-402D-301E-B84C-6679DB2AEB50}.Release|x64.Build.0 = Release|x64
		{C1263F5F-402D-301E-B84C-6679DB2AEB50}.MinSizeRel|x64.ActiveCfg = MinSizeRel|x64
		{C1263F5F-402D-301E-B84C-6679DB2AEB50}.MinSizeRel|x64.Build.0 = MinSizeRel|x64
		{C1263F5F-402D-301E-B84C-6679DB2AEB50}.RelWithDebInfo|x64.ActiveCfg = RelWithDebInfo|x64
		{C1263F5F-402D-301E-B84C-6679DB2AEB50}.RelWithDebInfo|x64.Build.0 = RelWithDebInfo|x64
		{1F58833C-3B90-3FCD-8598-4AB7F0E69BF5}.Debug|x64.ActiveCfg = Debug|x64
		{1F58833C-3B90-3FCD-8598-4AB7F0E69BF5}.Debug|x64.Build.0 = Debug|x64
		{1F58833C-3B90-3FCD-8598-4AB7F0E69BF5}.Release|x64.ActiveCfg = Release|x64
		{1F58833C-3B90-3FCD-8598-4AB7F0E69BF5}.Release|x64.Build.0 = Release|x64
		{1F58833C-3B90-3FCD-8598-4AB7F0E69BF5}.MinSizeRel|x64.ActiveCfg = MinSizeRel|x64
		{1F58833C-3B90-3FCD-8598-4AB7F0E69BF5}.MinSizeRel|x64.Build.0 = MinSizeRel|x64
		{1F58833C-3B90-3FCD-8598-4AB7F0E69BF5}.RelWithDebInfo|x64.ActiveCfg = RelWithDebInfo|x64
		{1F58833C-3B90-3FCD-8598-4AB7F0E69BF5}.RelWithDebInfo|x64.Build.0 = RelWithDebInfo|x64
		{A33EE6C4-E76E-38B6-87EF-031FA15B687E}.Debug|x64.ActiveCfg = Debug|x64
		{A33EE6C4-E76E-38B6-87EF-031FA15B687E}.Debug|x64.Build.0 = Debug|x64
		{A33EE6C4-E76E-38B6-87EF-031FA15B687E}.Release|x64.ActiveCfg = Release|x64
		{A33EE6C4-E76E-38B6-87EF-031FA15B687E}.Release|x64.Build.0 = Release|x64
		{A33EE6C4-E76E-38B6-87EF-031FA15B687E}.MinSizeRel|x64.ActiveCfg = MinSizeRel|x64
		{A33EE6C4-E76E-38B6-87EF-031FA15B687E}.MinSizeRel|x64.Build.0 = MinSizeRel|x64
		{A33EE6C4-E76E-38B6-87EF-031FA15B687E}.RelWithDebInfo|x64.ActiveCfg = RelWithDebInfo|x64
		{A33EE6C4-E76E-38B6-87EF-031FA15B687E}.RelWithDebInfo|x64.Build.0 = RelWithDebInfo|x64
		{C6E67261-8F3C-3254-8519-3C689003CB8F}.Debug|x64.ActiveCfg = Debug|x64
		{C6E67261-8F3C-3254-8519-3C689003CB8F}.Debug|x64.Build.0 = Debug|x64
		{C6E67261-8F3C-3254-8519-3C689003CB8F}.Release|x64.ActiveCfg = Release|x64
		{C6E67261-8F3C-3254-8519-3C689003CB8F}.Release|x64.Build.0 = Release|x64
		{C6E67261-8F3C-3254-8519-3C689003CB8F}.MinSizeRel|x64.ActiveCfg = MinSizeRel|x64
		{C6E67261-8F3C-3254-8519-3C689003CB8F}.MinSizeRel|x64.Build.0 = MinSizeRel|x64
		{C6E67261-8F3C-3254-8519-3C689003CB8F}.RelWithDebInfo|x64.ActiveCfg = RelWithDebInfo|x64
		{C6E67261-8F3C-3254-8519-3C689003CB8F}.RelWithDebInfo|x64.Build.0 = RelWithDebInfo|x64
		{48BE985A-A4E4-31CC-B634-0C17FC8616D1}.Debug|x64.ActiveCfg = Debug|x64
		{48BE985A-A4E4-31CC-B634-0C17FC8616D1}.Debug|x64.Build.0 = Debug|x64
		{48BE985A-A4E4-31CC-B634-0C17FC8616D1}.Release|x64.ActiveCfg = Release|x64
		{48BE985A-A4E4-31CC-B634-0C17FC8616D1}.Release|x64.Build.0 = Release|x64
		{48BE985A-A4E4-31CC-B634-0C17FC8616D1}.MinSizeRel|x64.ActiveCfg = MinSizeRel|x64
		{48BE985A-A4E4-31CC-B634-0C17FC8616D1}.MinSizeRel|x64.Build.0 = MinSizeRel|x64
		{48BE985A-A4E4-31CC-B634-0C17FC8616D1}.RelWithDebInfo|x64.ActiveCfg = RelWithDebInfo|x64
		{48BE985A-A4E4-31CC-B634-0C17FC8616D1}.RelWithDebInfo|x64.Build.0 = RelWithDebInfo|x64
	EndGlobalSection
	GlobalSection(ExtensibilityGlobals) = postSolution
		SolutionGuid = {FB3ACDC9-9BEE-3790-B148-58F08D9D0857}
	EndGlobalSection
	GlobalSection(ExtensibilityAddIns) = postSolution
	EndGlobalSection
EndGlobal
