<?xml version="1.0" encoding="utf-8"?>
<Project ToolsVersion="16.0" xmlns="http://schemas.microsoft.com/developer/msbuild/2003">
  <ItemGroup>
    <ClCompile Include="C:\dev\SlicerFirstExtension\VirtualDissection\VD\Logic\vtkSlicerVDModuleLogicPythonInit.cxx">
      <Filter>Source Files</Filter>
    </ClCompile>
  </ItemGroup>
  <ItemGroup>
    <CustomBuild Include="C:\dev\SlicerFirstExtension\VirtualDissection\VD\Logic\CMakeLists.txt" />
  </ItemGroup>
  <ItemGroup>
    <Filter Include="CMake Rules">
      <UniqueIdentifier>{78BF20D2-0DDC-3E74-B1BD-0893E3A7BB0A}</UniqueIdentifier>
    </Filter>
    <Filter Include="Source Files">
      <UniqueIdentifier>{3388C126-128F-3B80-A97B-10957699EA28}</UniqueIdentifier>
    </Filter>
  </ItemGroup>
</Project>
