<?xml version="1.0" encoding="utf-8"?>
<Project ToolsVersion="16.0" xmlns="http://schemas.microsoft.com/developer/msbuild/2003">
  <ItemGroup>
    <CustomBuild Include="C:\dev\SlicerFirstExtension\VirtualDissection-build\CMakeFiles\b4bd20d8ea0136ecafb1170a70884661\SlicerWithVirtualDissection.exe.rule">
      <Filter>CMake Rules</Filter>
    </CustomBuild>
    <CustomBuild Include="C:\dev\SlicerFirstExtension\VirtualDissection-build\CMakeFiles\dc7ab4fba758aba9a732e4f81550134a\SlicerWithVirtualDissectionConfigureLauncher.rule">
      <Filter>CMake Rules</Filter>
    </CustomBuild>
    <CustomBuild Include="C:\dev\SlicerFirstExtension\VirtualDissection\CMakeLists.txt" />
  </ItemGroup>
  <ItemGroup>
    <None Include="C:\dev\SlicerFirstExtension\VirtualDissection-build\CMakeFiles\SlicerWithVirtualDissectionConfigureLauncher" />
  </ItemGroup>
  <ItemGroup>
    <Filter Include="CMake Rules">
      <UniqueIdentifier>{21EF5AC2-0A80-320B-94E5-03A4D05CE722}</UniqueIdentifier>
    </Filter>
  </ItemGroup>
</Project>
