
Microsoft Visual Studio Solution File, Format Version 12.00
# Visual Studio Version 16
Project("{8BC9CEB8-8B4A-11D0-8D11-00A0C91BC942}") = "ALL_BUILD", "ALL_BUILD.vcxproj", "{C472AF63-2E91-3C40-8EBE-033D4B84AFB5}"
	ProjectSection(ProjectDependencies) = postProject
		{65381426-C568-3A0F-9A52-14F99503CF47} = {65381426-C568-3A0F-9A52-14F99503CF47}
		{667F7113-304F-3765-B234-729F83C892C6} = {667F7113-304F-3765-B234-729F83C892C6}
		{7963A049-4508-3540-BC37-1CD24A043C2C} = {7963A049-4508-3540-BC37-1CD24A043C2C}
		{F157B3A3-BC99-3E6C-9D1B-E60641154AA0} = {F157B3A3-BC99-3E6C-9D1B-E60641154AA0}
		{1822200D-56B1-3D0A-B9F1-FBED0C0A15F0} = {1822200D-56B1-3D0A-B9F1-FBED0C0A15F0}
		{D7B0A154-78EB-30B1-9023-E2E68A17A033} = {D7B0A154-78EB-30B1-9023-E2E68A17A033}
		{9E64183F-2791-3130-A383-9DBECDB7716F} = {9E64183F-2791-3130-A383-9DBECDB7716F}
		{12AE9256-2F59-3504-83CE-BB7F9F635D05} = {12AE9256-2F59-3504-83CE-BB7F9F635D05}
		{ABBA91D4-1D3D-314C-8903-30F441EB22A7} = {ABBA91D4-1D3D-314C-8903-30F441EB22A7}
		{5CC450CB-9FAF-3297-A9FC-028E3927FB62} = {5CC450CB-9FAF-3297-A9FC-028E3927FB62}
	EndProjectSection
EndProject
Project("{8BC9CEB8-8B4A-11D0-8D11-00A0C91BC942}") = "ConfigureAdditionalLauncherSettings", "ConfigureAdditionalLauncherSettings.vcxproj", "{65381426-C568-3A0F-9A52-14F99503CF47}"
	ProjectSection(ProjectDependencies) = postProject
		{7963A049-4508-3540-BC37-1CD24A043C2C} = {7963A049-4508-3540-BC37-1CD24A043C2C}
	EndProjectSection
EndProject
Project("{8BC9CEB8-8B4A-11D0-8D11-00A0C91BC942}") = "Continuous", "Continuous.vcxproj", "{EF75EF3D-B18F-3A86-B4F5-3B26BAD60CE3}"
	ProjectSection(ProjectDependencies) = postProject
		{7963A049-4508-3540-BC37-1CD24A043C2C} = {7963A049-4508-3540-BC37-1CD24A043C2C}
	EndProjectSection
EndProject
Project("{8BC9CEB8-8B4A-11D0-8D11-00A0C91BC942}") = "Experimental", "Experimental.vcxproj", "{872BE9C6-F7B7-349C-901B-E94513DC9C6A}"
	ProjectSection(ProjectDependencies) = postProject
		{7963A049-4508-3540-BC37-1CD24A043C2C} = {7963A049-4508-3540-BC37-1CD24A043C2C}
	EndProjectSection
EndProject
Project("{8BC9CEB8-8B4A-11D0-8D11-00A0C91BC942}") = "INSTALL", "INSTALL.vcxproj", "{588D9CAF-9CE9-36F2-BA99-196F3B070504}"
	ProjectSection(ProjectDependencies) = postProject
		{C472AF63-2E91-3C40-8EBE-033D4B84AFB5} = {C472AF63-2E91-3C40-8EBE-033D4B84AFB5}
		{7963A049-4508-3540-BC37-1CD24A043C2C} = {7963A049-4508-3540-BC37-1CD24A043C2C}
	EndProjectSection
EndProject
Project("{8BC9CEB8-8B4A-11D0-8D11-00A0C91BC942}") = "Nightly", "Nightly.vcxproj", "{08A052DB-3768-36A5-9406-E0D3370812DA}"
	ProjectSection(ProjectDependencies) = postProject
		{7963A049-4508-3540-BC37-1CD24A043C2C} = {7963A049-4508-3540-BC37-1CD24A043C2C}
	EndProjectSection
EndProject
Project("{8BC9CEB8-8B4A-11D0-8D11-00A0C91BC942}") = "NightlyMemoryCheck", "NightlyMemoryCheck.vcxproj", "{0C433753-57FC-37D3-B108-5FF4C665928B}"
	ProjectSection(ProjectDependencies) = postProject
		{7963A049-4508-3540-BC37-1CD24A043C2C} = {7963A049-4508-3540-BC37-1CD24A043C2C}
	EndProjectSection
EndProject
Project("{8BC9CEB8-8B4A-11D0-8D11-00A0C91BC942}") = "PACKAGE", "PACKAGE.vcxproj", "{6F5C1816-7955-3ED1-8822-7B86FDB46644}"
	ProjectSection(ProjectDependencies) = postProject
		{C472AF63-2E91-3C40-8EBE-033D4B84AFB5} = {C472AF63-2E91-3C40-8EBE-033D4B84AFB5}
		{7963A049-4508-3540-BC37-1CD24A043C2C} = {7963A049-4508-3540-BC37-1CD24A043C2C}
	EndProjectSection
EndProject
Project("{8BC9CEB8-8B4A-11D0-8D11-00A0C91BC942}") = "RUN_TESTS", "RUN_TESTS.vcxproj", "{23B7BF4E-CBB5-3A43-8CAF-F454D02BCAE1}"
	ProjectSection(ProjectDependencies) = postProject
		{7963A049-4508-3540-BC37-1CD24A043C2C} = {7963A049-4508-3540-BC37-1CD24A043C2C}
	EndProjectSection
EndProject
Project("{8BC9CEB8-8B4A-11D0-8D11-00A0C91BC942}") = "SlicerWithVirtualDissectionConfigureLauncher", "SlicerWithVirtualDissectionConfigureLauncher.vcxproj", "{667F7113-304F-3765-B234-729F83C892C6}"
	ProjectSection(ProjectDependencies) = postProject
		{7963A049-4508-3540-BC37-1CD24A043C2C} = {7963A049-4508-3540-BC37-1CD24A043C2C}
	EndProjectSection
EndProject
Project("{8BC9CEB8-8B4A-11D0-8D11-00A0C91BC942}") = "ZERO_CHECK", "ZERO_CHECK.vcxproj", "{7963A049-4508-3540-BC37-1CD24A043C2C}"
	ProjectSection(ProjectDependencies) = postProject
	EndProjectSection
EndProject
Project("{8BC9CEB8-8B4A-11D0-8D11-00A0C91BC942}") = "packageupload", "packageupload.vcxproj", "{03235E55-23C0-3023-BFD9-50795294DCA6}"
	ProjectSection(ProjectDependencies) = postProject
		{7963A049-4508-3540-BC37-1CD24A043C2C} = {7963A049-4508-3540-BC37-1CD24A043C2C}
	EndProjectSection
EndProject
Project("{8BC9CEB8-8B4A-11D0-8D11-00A0C91BC942}") = "qSlicerVDModule", "VD\qSlicerVDModule.vcxproj", "{F157B3A3-BC99-3E6C-9D1B-E60641154AA0}"
	ProjectSection(ProjectDependencies) = postProject
		{7963A049-4508-3540-BC37-1CD24A043C2C} = {7963A049-4508-3540-BC37-1CD24A043C2C}
		{D7B0A154-78EB-30B1-9023-E2E68A17A033} = {D7B0A154-78EB-30B1-9023-E2E68A17A033}
		{12AE9256-2F59-3504-83CE-BB7F9F635D05} = {12AE9256-2F59-3504-83CE-BB7F9F635D05}
	EndProjectSection
EndProject
Project("{8BC9CEB8-8B4A-11D0-8D11-00A0C91BC942}") = "qSlicerVDModuleGenericCxxTests", "VD\qSlicerVDModuleGenericCxxTests.vcxproj", "{1822200D-56B1-3D0A-B9F1-FBED0C0A15F0}"
	ProjectSection(ProjectDependencies) = postProject
		{7963A049-4508-3540-BC37-1CD24A043C2C} = {7963A049-4508-3540-BC37-1CD24A043C2C}
		{F157B3A3-BC99-3E6C-9D1B-E60641154AA0} = {F157B3A3-BC99-3E6C-9D1B-E60641154AA0}
		{D7B0A154-78EB-30B1-9023-E2E68A17A033} = {D7B0A154-78EB-30B1-9023-E2E68A17A033}
		{12AE9256-2F59-3504-83CE-BB7F9F635D05} = {12AE9256-2F59-3504-83CE-BB7F9F635D05}
	EndProjectSection
EndProject
Project("{8BC9CEB8-8B4A-11D0-8D11-00A0C91BC942}") = "qSlicerVDModuleWidgets", "VD\Widgets\qSlicerVDModuleWidgets.vcxproj", "{D7B0A154-78EB-30B1-9023-E2E68A17A033}"
	ProjectSection(ProjectDependencies) = postProject
		{7963A049-4508-3540-BC37-1CD24A043C2C} = {7963A049-4508-3540-BC37-1CD24A043C2C}
		{12AE9256-2F59-3504-83CE-BB7F9F635D05} = {12AE9256-2F59-3504-83CE-BB7F9F635D05}
	EndProjectSection
EndProject
Project("{8BC9CEB8-8B4A-11D0-8D11-00A0C91BC942}") = "qSlicerVDModuleWidgetsPythonQt", "VD\Widgets\qSlicerVDModuleWidgetsPythonQt.vcxproj", "{9E64183F-2791-3130-A383-9DBECDB7716F}"
	ProjectSection(ProjectDependencies) = postProject
		{7963A049-4508-3540-BC37-1CD24A043C2C} = {7963A049-4508-3540-BC37-1CD24A043C2C}
		{D7B0A154-78EB-30B1-9023-E2E68A17A033} = {D7B0A154-78EB-30B1-9023-E2E68A17A033}
		{12AE9256-2F59-3504-83CE-BB7F9F635D05} = {12AE9256-2F59-3504-83CE-BB7F9F635D05}
	EndProjectSection
EndProject
Project("{8BC9CEB8-8B4A-11D0-8D11-00A0C91BC942}") = "vtkSlicerVDModuleLogic", "VD\Logic\vtkSlicerVDModuleLogic.vcxproj", "{12AE9256-2F59-3504-83CE-BB7F9F635D05}"
	ProjectSection(ProjectDependencies) = postProject
		{7963A049-4508-3540-BC37-1CD24A043C2C} = {7963A049-4508-3540-BC37-1CD24A043C2C}
	EndProjectSection
EndProject
Project("{8BC9CEB8-8B4A-11D0-8D11-00A0C91BC942}") = "vtkSlicerVDModuleLogicHierarchy", "VD\Logic\vtkSlicerVDModuleLogicHierarchy.vcxproj", "{5B025713-5D64-30E6-93AB-B87647C8E5AA}"
	ProjectSection(ProjectDependencies) = postProject
		{7963A049-4508-3540-BC37-1CD24A043C2C} = {7963A049-4508-3540-BC37-1CD24A043C2C}
	EndProjectSection
EndProject
Project("{8BC9CEB8-8B4A-11D0-8D11-00A0C91BC942}") = "vtkSlicerVDModuleLogicPython", "VD\Logic\vtkSlicerVDModuleLogicPython.vcxproj", "{ABBA91D4-1D3D-314C-8903-30F441EB22A7}"
	ProjectSection(ProjectDependencies) = postProject
		{7963A049-4508-3540-BC37-1CD24A043C2C} = {7963A049-4508-3540-BC37-1CD24A043C2C}
		{12AE9256-2F59-3504-83CE-BB7F9F635D05} = {12AE9256-2F59-3504-83CE-BB7F9F635D05}
		{5CC450CB-9FAF-3297-A9FC-028E3927FB62} = {5CC450CB-9FAF-3297-A9FC-028E3927FB62}
	EndProjectSection
EndProject
Project("{8BC9CEB8-8B4A-11D0-8D11-00A0C91BC942}") = "vtkSlicerVDModuleLogicPythonD", "VD\Logic\vtkSlicerVDModuleLogicPythonD.vcxproj", "{5CC450CB-9FAF-3297-A9FC-028E3927FB62}"
	ProjectSection(ProjectDependencies) = postProject
		{7963A049-4508-3540-BC37-1CD24A043C2C} = {7963A049-4508-3540-BC37-1CD24A043C2C}
		{12AE9256-2F59-3504-83CE-BB7F9F635D05} = {12AE9256-2F59-3504-83CE-BB7F9F635D05}
		{5B025713-5D64-30E6-93AB-B87647C8E5AA} = {5B025713-5D64-30E6-93AB-B87647C8E5AA}
	EndProjectSection
EndProject
Global
	GlobalSection(SolutionConfigurationPlatforms) = preSolution
		Debug|x64 = Debug|x64
		Release|x64 = Release|x64
		MinSizeRel|x64 = MinSizeRel|x64
		RelWithDebInfo|x64 = RelWithDebInfo|x64
	EndGlobalSection
	GlobalSection(ProjectConfigurationPlatforms) = postSolution
		{C472AF63-2E91-3C40-8EBE-033D4B84AFB5}.Debug|x64.ActiveCfg = Debug|x64
		{C472AF63-2E91-3C40-8EBE-033D4B84AFB5}.Debug|x64.Build.0 = Debug|x64
		{C472AF63-2E91-3C40-8EBE-033D4B84AFB5}.Release|x64.ActiveCfg = Release|x64
		{C472AF63-2E91-3C40-8EBE-033D4B84AFB5}.Release|x64.Build.0 = Release|x64
		{C472AF63-2E91-3C40-8EBE-033D4B84AFB5}.MinSizeRel|x64.ActiveCfg = MinSizeRel|x64
		{C472AF63-2E91-3C40-8EBE-033D4B84AFB5}.MinSizeRel|x64.Build.0 = MinSizeRel|x64
		{C472AF63-2E91-3C40-8EBE-033D4B84AFB5}.RelWithDebInfo|x64.ActiveCfg = RelWithDebInfo|x64
		{C472AF63-2E91-3C40-8EBE-033D4B84AFB5}.RelWithDebInfo|x64.Build.0 = RelWithDebInfo|x64
		{65381426-C568-3A0F-9A52-14F99503CF47}.Debug|x64.ActiveCfg = Debug|x64
		{65381426-C568-3A0F-9A52-14F99503CF47}.Debug|x64.Build.0 = Debug|x64
		{65381426-C568-3A0F-9A52-14F99503CF47}.Release|x64.ActiveCfg = Release|x64
		{65381426-C568-3A0F-9A52-14F99503CF47}.Release|x64.Build.0 = Release|x64
		{65381426-C568-3A0F-9A52-14F99503CF47}.MinSizeRel|x64.ActiveCfg = MinSizeRel|x64
		{65381426-C568-3A0F-9A52-14F99503CF47}.MinSizeRel|x64.Build.0 = MinSizeRel|x64
		{65381426-C568-3A0F-9A52-14F99503CF47}.RelWithDebInfo|x64.ActiveCfg = RelWithDebInfo|x64
		{65381426-C568-3A0F-9A52-14F99503CF47}.RelWithDebInfo|x64.Build.0 = RelWithDebInfo|x64
		{EF75EF3D-B18F-3A86-B4F5-3B26BAD60CE3}.Debug|x64.ActiveCfg = Debug|x64
		{EF75EF3D-B18F-3A86-B4F5-3B26BAD60CE3}.Release|x64.ActiveCfg = Release|x64
		{EF75EF3D-B18F-3A86-B4F5-3B26BAD60CE3}.MinSizeRel|x64.ActiveCfg = MinSizeRel|x64
		{EF75EF3D-B18F-3A86-B4F5-3B26BAD60CE3}.RelWithDebInfo|x64.ActiveCfg = RelWithDebInfo|x64
		{872BE9C6-F7B7-349C-901B-E94513DC9C6A}.Debug|x64.ActiveCfg = Debug|x64
		{872BE9C6-F7B7-349C-901B-E94513DC9C6A}.Release|x64.ActiveCfg = Release|x64
		{872BE9C6-F7B7-349C-901B-E94513DC9C6A}.MinSizeRel|x64.ActiveCfg = MinSizeRel|x64
		{872BE9C6-F7B7-349C-901B-E94513DC9C6A}.RelWithDebInfo|x64.ActiveCfg = RelWithDebInfo|x64
		{588D9CAF-9CE9-36F2-BA99-196F3B070504}.Debug|x64.ActiveCfg = Debug|x64
		{588D9CAF-9CE9-36F2-BA99-196F3B070504}.Release|x64.ActiveCfg = Release|x64
		{588D9CAF-9CE9-36F2-BA99-196F3B070504}.MinSizeRel|x64.ActiveCfg = MinSizeRel|x64
		{588D9CAF-9CE9-36F2-BA99-196F3B070504}.RelWithDebInfo|x64.ActiveCfg = RelWithDebInfo|x64
		{08A052DB-3768-36A5-9406-E0D3370812DA}.Debug|x64.ActiveCfg = Debug|x64
		{08A052DB-3768-36A5-9406-E0D3370812DA}.Release|x64.ActiveCfg = Release|x64
		{08A052DB-3768-36A5-9406-E0D3370812DA}.MinSizeRel|x64.ActiveCfg = MinSizeRel|x64
		{08A052DB-3768-36A5-9406-E0D3370812DA}.RelWithDebInfo|x64.ActiveCfg = RelWithDebInfo|x64
		{0C433753-57FC-37D3-B108-5FF4C665928B}.Debug|x64.ActiveCfg = Debug|x64
		{0C433753-57FC-37D3-B108-5FF4C665928B}.Release|x64.ActiveCfg = Release|x64
		{0C433753-57FC-37D3-B108-5FF4C665928B}.MinSizeRel|x64.ActiveCfg = MinSizeRel|x64
		{0C433753-57FC-37D3-B108-5FF4C665928B}.RelWithDebInfo|x64.ActiveCfg = RelWithDebInfo|x64
		{6F5C1816-7955-3ED1-8822-7B86FDB46644}.Debug|x64.ActiveCfg = Debug|x64
		{6F5C1816-7955-3ED1-8822-7B86FDB46644}.Release|x64.ActiveCfg = Release|x64
		{6F5C1816-7955-3ED1-8822-7B86FDB46644}.MinSizeRel|x64.ActiveCfg = MinSizeRel|x64
		{6F5C1816-7955-3ED1-8822-7B86FDB46644}.RelWithDebInfo|x64.ActiveCfg = RelWithDebInfo|x64
		{23B7BF4E-CBB5-3A43-8CAF-F454D02BCAE1}.Debug|x64.ActiveCfg = Debug|x64
		{23B7BF4E-CBB5-3A43-8CAF-F454D02BCAE1}.Release|x64.ActiveCfg = Release|x64
		{23B7BF4E-CBB5-3A43-8CAF-F454D02BCAE1}.MinSizeRel|x64.ActiveCfg = MinSizeRel|x64
		{23B7BF4E-CBB5-3A43-8CAF-F454D02BCAE1}.RelWithDebInfo|x64.ActiveCfg = RelWithDebInfo|x64
		{667F7113-304F-3765-B234-729F83C892C6}.Debug|x64.ActiveCfg = Debug|x64
		{667F7113-304F-3765-B234-729F83C892C6}.Debug|x64.Build.0 = Debug|x64
		{667F7113-304F-3765-B234-729F83C892C6}.Release|x64.ActiveCfg = Release|x64
		{667F7113-304F-3765-B234-729F83C892C6}.Release|x64.Build.0 = Release|x64
		{667F7113-304F-3765-B234-729F83C892C6}.MinSizeRel|x64.ActiveCfg = MinSizeRel|x64
		{667F7113-304F-3765-B234-729F83C892C6}.MinSizeRel|x64.Build.0 = MinSizeRel|x64
		{667F7113-304F-3765-B234-729F83C892C6}.RelWithDebInfo|x64.ActiveCfg = RelWithDebInfo|x64
		{667F7113-304F-3765-B234-729F83C892C6}.RelWithDebInfo|x64.Build.0 = RelWithDebInfo|x64
		{7963A049-4508-3540-BC37-1CD24A043C2C}.Debug|x64.ActiveCfg = Debug|x64
		{7963A049-4508-3540-BC37-1CD24A043C2C}.Debug|x64.Build.0 = Debug|x64
		{7963A049-4508-3540-BC37-1CD24A043C2C}.Release|x64.ActiveCfg = Release|x64
		{7963A049-4508-3540-BC37-1CD24A043C2C}.Release|x64.Build.0 = Release|x64
		{7963A049-4508-3540-BC37-1CD24A043C2C}.MinSizeRel|x64.ActiveCfg = MinSizeRel|x64
		{7963A049-4508-3540-BC37-1CD24A043C2C}.MinSizeRel|x64.Build.0 = MinSizeRel|x64
		{7963A049-4508-3540-BC37-1CD24A043C2C}.RelWithDebInfo|x64.ActiveCfg = RelWithDebInfo|x64
		{7963A049-4508-3540-BC37-1CD24A043C2C}.RelWithDebInfo|x64.Build.0 = RelWithDebInfo|x64
		{03235E55-23C0-3023-BFD9-50795294DCA6}.Debug|x64.ActiveCfg = Debug|x64
		{03235E55-23C0-3023-BFD9-50795294DCA6}.Release|x64.ActiveCfg = Release|x64
		{03235E55-23C0-3023-BFD9-50795294DCA6}.MinSizeRel|x64.ActiveCfg = MinSizeRel|x64
		{03235E55-23C0-3023-BFD9-50795294DCA6}.RelWithDebInfo|x64.ActiveCfg = RelWithDebInfo|x64
		{F157B3A3-BC99-3E6C-9D1B-E60641154AA0}.Debug|x64.ActiveCfg = Debug|x64
		{F157B3A3-BC99-3E6C-9D1B-E60641154AA0}.Debug|x64.Build.0 = Debug|x64
		{F157B3A3-BC99-3E6C-9D1B-E60641154AA0}.Release|x64.ActiveCfg = Release|x64
		{F157B3A3-BC99-3E6C-9D1B-E60641154AA0}.Release|x64.Build.0 = Release|x64
		{F157B3A3-BC99-3E6C-9D1B-E60641154AA0}.MinSizeRel|x64.ActiveCfg = MinSizeRel|x64
		{F157B3A3-BC99-3E6C-9D1B-E60641154AA0}.MinSizeRel|x64.Build.0 = MinSizeRel|x64
		{F157B3A3-BC99-3E6C-9D1B-E60641154AA0}.RelWithDebInfo|x64.ActiveCfg = RelWithDebInfo|x64
		{F157B3A3-BC99-3E6C-9D1B-E60641154AA0}.RelWithDebInfo|x64.Build.0 = RelWithDebInfo|x64
		{1822200D-56B1-3D0A-B9F1-FBED0C0A15F0}.Debug|x64.ActiveCfg = Debug|x64
		{1822200D-56B1-3D0A-B9F1-FBED0C0A15F0}.Debug|x64.Build.0 = Debug|x64
		{1822200D-56B1-3D0A-B9F1-FBED0C0A15F0}.Release|x64.ActiveCfg = Release|x64
		{1822200D-56B1-3D0A-B9F1-FBED0C0A15F0}.Release|x64.Build.0 = Release|x64
		{1822200D-56B1-3D0A-B9F1-FBED0C0A15F0}.MinSizeRel|x64.ActiveCfg = MinSizeRel|x64
		{1822200D-56B1-3D0A-B9F1-FBED0C0A15F0}.MinSizeRel|x64.Build.0 = MinSizeRel|x64
		{1822200D-56B1-3D0A-B9F1-FBED0C0A15F0}.RelWithDebInfo|x64.ActiveCfg = RelWithDebInfo|x64
		{1822200D-56B1-3D0A-B9F1-FBED0C0A15F0}.RelWithDebInfo|x64.Build.0 = RelWithDebInfo|x64
		{D7B0A154-78EB-30B1-9023-E2E68A17A033}.Debug|x64.ActiveCfg = Debug|x64
		{D7B0A154-78EB-30B1-9023-E2E68A17A033}.Debug|x64.Build.0 = Debug|x64
		{D7B0A154-78EB-30B1-9023-E2E68A17A033}.Release|x64.ActiveCfg = Release|x64
		{D7B0A154-78EB-30B1-9023-E2E68A17A033}.Release|x64.Build.0 = Release|x64
		{D7B0A154-78EB-30B1-9023-E2E68A17A033}.MinSizeRel|x64.ActiveCfg = MinSizeRel|x64
		{D7B0A154-78EB-30B1-9023-E2E68A17A033}.MinSizeRel|x64.Build.0 = MinSizeRel|x64
		{D7B0A154-78EB-30B1-9023-E2E68A17A033}.RelWithDebInfo|x64.ActiveCfg = RelWithDebInfo|x64
		{D7B0A154-78EB-30B1-9023-E2E68A17A033}.RelWithDebInfo|x64.Build.0 = RelWithDebInfo|x64
		{9E64183F-2791-3130-A383-9DBECDB7716F}.Debug|x64.ActiveCfg = Debug|x64
		{9E64183F-2791-3130-A383-9DBECDB7716F}.Debug|x64.Build.0 = Debug|x64
		{9E64183F-2791-3130-A383-9DBECDB7716F}.Release|x64.ActiveCfg = Release|x64
		{9E64183F-2791-3130-A383-9DBECDB7716F}.Release|x64.Build.0 = Release|x64
		{9E64183F-2791-3130-A383-9DBECDB7716F}.MinSizeRel|x64.ActiveCfg = MinSizeRel|x64
		{9E64183F-2791-3130-A383-9DBECDB7716F}.MinSizeRel|x64.Build.0 = MinSizeRel|x64
		{9E64183F-2791-3130-A383-9DBECDB7716F}.RelWithDebInfo|x64.ActiveCfg = RelWithDebInfo|x64
		{9E64183F-2791-3130-A383-9DBECDB7716F}.RelWithDebInfo|x64.Build.0 = RelWithDebInfo|x64
		{12AE9256-2F59-3504-83CE-BB7F9F635D05}.Debug|x64.ActiveCfg = Debug|x64
		{12AE9256-2F59-3504-83CE-BB7F9F635D05}.Debug|x64.Build.0 = Debug|x64
		{12AE9256-2F59-3504-83CE-BB7F9F635D05}.Release|x64.ActiveCfg = Release|x64
		{12AE9256-2F59-3504-83CE-BB7F9F635D05}.Release|x64.Build.0 = Release|x64
		{12AE9256-2F59-3504-83CE-BB7F9F635D05}.MinSizeRel|x64.ActiveCfg = MinSizeRel|x64
		{12AE9256-2F59-3504-83CE-BB7F9F635D05}.MinSizeRel|x64.Build.0 = MinSizeRel|x64
		{12AE9256-2F59-3504-83CE-BB7F9F635D05}.RelWithDebInfo|x64.ActiveCfg = RelWithDebInfo|x64
		{12AE9256-2F59-3504-83CE-BB7F9F635D05}.RelWithDebInfo|x64.Build.0 = RelWithDebInfo|x64
		{5B025713-5D64-30E6-93AB-B87647C8E5AA}.Debug|x64.ActiveCfg = Debug|x64
		{5B025713-5D64-30E6-93AB-B87647C8E5AA}.Debug|x64.Build.0 = Debug|x64
		{5B025713-5D64-30E6-93AB-B87647C8E5AA}.Release|x64.ActiveCfg = Release|x64
		{5B025713-5D64-30E6-93AB-B87647C8E5AA}.Release|x64.Build.0 = Release|x64
		{5B025713-5D64-30E6-93AB-B87647C8E5AA}.MinSizeRel|x64.ActiveCfg = MinSizeRel|x64
		{5B025713-5D64-30E6-93AB-B87647C8E5AA}.MinSizeRel|x64.Build.0 = MinSizeRel|x64
		{5B025713-5D64-30E6-93AB-B87647C8E5AA}.RelWithDebInfo|x64.ActiveCfg = RelWithDebInfo|x64
		{5B025713-5D64-30E6-93AB-B87647C8E5AA}.RelWithDebInfo|x64.Build.0 = RelWithDebInfo|x64
		{ABBA91D4-1D3D-314C-8903-30F441EB22A7}.Debug|x64.ActiveCfg = Debug|x64
		{ABBA91D4-1D3D-314C-8903-30F441EB22A7}.Debug|x64.Build.0 = Debug|x64
		{ABBA91D4-1D3D-314C-8903-30F441EB22A7}.Release|x64.ActiveCfg = Release|x64
		{ABBA91D4-1D3D-314C-8903-30F441EB22A7}.Release|x64.Build.0 = Release|x64
		{ABBA91D4-1D3D-314C-8903-30F441EB22A7}.MinSizeRel|x64.ActiveCfg = MinSizeRel|x64
		{ABBA91D4-1D3D-314C-8903-30F441EB22A7}.MinSizeRel|x64.Build.0 = MinSizeRel|x64
		{ABBA91D4-1D3D-314C-8903-30F441EB22A7}.RelWithDebInfo|x64.ActiveCfg = RelWithDebInfo|x64
		{ABBA91D4-1D3D-314C-8903-30F441EB22A7}.RelWithDebInfo|x64.Build.0 = RelWithDebInfo|x64
		{5CC450CB-9FAF-3297-A9FC-028E3927FB62}.Debug|x64.ActiveCfg = Debug|x64
		{5CC450CB-9FAF-3297-A9FC-028E3927FB62}.Debug|x64.Build.0 = Debug|x64
		{5CC450CB-9FAF-3297-A9FC-028E3927FB62}.Release|x64.ActiveCfg = Release|x64
		{5CC450CB-9FAF-3297-A9FC-028E3927FB62}.Release|x64.Build.0 = Release|x64
		{5CC450CB-9FAF-3297-A9FC-028E3927FB62}.MinSizeRel|x64.ActiveCfg = MinSizeRel|x64
		{5CC450CB-9FAF-3297-A9FC-028E3927FB62}.MinSizeRel|x64.Build.0 = MinSizeRel|x64
		{5CC450CB-9FAF-3297-A9FC-028E3927FB62}.RelWithDebInfo|x64.ActiveCfg = RelWithDebInfo|x64
		{5CC450CB-9FAF-3297-A9FC-028E3927FB62}.RelWithDebInfo|x64.Build.0 = RelWithDebInfo|x64
	EndGlobalSection
	GlobalSection(ExtensibilityGlobals) = postSolution
		SolutionGuid = {972BB260-1319-345B-875F-482581E77C07}
	EndGlobalSection
	GlobalSection(ExtensibilityAddIns) = postSolution
	EndGlobalSection
EndGlobal
