<?xml version="1.0" encoding="utf-8"?>
<Project ToolsVersion="16.0" xmlns="http://schemas.microsoft.com/developer/msbuild/2003">
  <ItemGroup>
    <CustomBuild Include="C:\dev\SlicerFirstExtension\VirtualDissection\CMakeFiles\7e7852d76c2af2eb469efceeff451613\INSTALL_force.rule">
      <Filter>CMake Rules</Filter>
    </CustomBuild>
  </ItemGroup>
  <ItemGroup>
    <Filter Include="CMake Rules">
      <UniqueIdentifier>{78BF20D2-0DDC-3E74-B1BD-0893E3A7BB0A}</UniqueIdentifier>
    </Filter>
  </ItemGroup>
</Project>
