<?xml version="1.0" encoding="utf-8"?>
<Project ToolsVersion="16.0" xmlns="http://schemas.microsoft.com/developer/msbuild/2003">
  <ItemGroup>
    <ClCompile Include="C:\dev\SlicerFirstExtension\VirtualDissection\VD\qSlicerVDModule.cxx">
      <Filter>Source Files</Filter>
    </ClCompile>
    <ClCompile Include="C:\dev\SlicerFirstExtension\VirtualDissection\VD\qSlicerVDModuleWidget.cxx">
      <Filter>Source Files</Filter>
    </ClCompile>
    <ClCompile Include="C:\dev\SlicerFirstExtension\VirtualDissection-build\VD\moc_qSlicerVDModule.cpp">
      <Filter>Generated</Filter>
    </ClCompile>
    <ClCompile Include="C:\dev\SlicerFirstExtension\VirtualDissection-build\VD\moc_qSlicerVDModuleWidget.cpp">
      <Filter>Generated</Filter>
    </ClCompile>
    <ClCompile Include="C:\dev\SlicerFirstExtension\VirtualDissection-build\VD\qrc_qSlicerVDModule.cpp">
      <Filter>Generated</Filter>
    </ClCompile>
    <ClCompile Include="C:\dev\SlicerFirstExtension\VirtualDissection-build\VD\qrc_qSlicer.cpp">
      <Filter>Generated</Filter>
    </ClCompile>
  </ItemGroup>
  <ItemGroup>
    <ClInclude Include="C:\dev\SlicerFirstExtension\VirtualDissection\VD\qSlicerVDModule.h">
      <Filter>Header Files</Filter>
    </ClInclude>
    <ClInclude Include="C:\dev\SlicerFirstExtension\VirtualDissection\VD\qSlicerVDModuleWidget.h">
      <Filter>Header Files</Filter>
    </ClInclude>
    <ClInclude Include="C:\dev\SlicerFirstExtension\VirtualDissection-build\VD\ui_qSlicerVDModuleWidget.h">
      <Filter>Generated</Filter>
    </ClInclude>
  </ItemGroup>
  <ItemGroup>
    <CustomBuild Include="C:\dev\SlicerFirstExtension\VirtualDissection-build\CMakeFiles\6c19af9acf749184fa76054f724a3679\moc_qSlicerVDModule.cpp.rule">
      <Filter>CMake Rules</Filter>
    </CustomBuild>
    <CustomBuild Include="C:\dev\SlicerFirstExtension\VirtualDissection-build\CMakeFiles\6c19af9acf749184fa76054f724a3679\moc_qSlicerVDModuleWidget.cpp.rule">
      <Filter>CMake Rules</Filter>
    </CustomBuild>
    <CustomBuild Include="C:\dev\SlicerFirstExtension\VirtualDissection\VD\Resources\UI\qSlicerVDModuleWidget.ui">
      <Filter>Resources</Filter>
    </CustomBuild>
    <CustomBuild Include="C:\dev\SlicerFirstExtension\VirtualDissection\VD\Resources\qSlicerVDModule.qrc">
      <Filter>Resources</Filter>
    </CustomBuild>
    <CustomBuild Include="C:\D\S4\Resources\qSlicer.qrc">
      <Filter>Resources</Filter>
    </CustomBuild>
    <CustomBuild Include="C:\dev\SlicerFirstExtension\VirtualDissection\VD\CMakeLists.txt" />
  </ItemGroup>
  <ItemGroup>
    <Filter Include="CMake Rules">
      <UniqueIdentifier>{21EF5AC2-0A80-320B-94E5-03A4D05CE722}</UniqueIdentifier>
    </Filter>
    <Filter Include="Generated">
      <UniqueIdentifier>{39901F6D-FF18-3032-82FD-612792338954}</UniqueIdentifier>
    </Filter>
    <Filter Include="Header Files">
      <UniqueIdentifier>{7490F7D1-D26F-3712-8530-2DCE8FB4F5B3}</UniqueIdentifier>
    </Filter>
    <Filter Include="Resources">
      <UniqueIdentifier>{9C7C04C9-0207-37D0-8350-9ABA23B13D5E}</UniqueIdentifier>
    </Filter>
    <Filter Include="Source Files">
      <UniqueIdentifier>{8F1B831E-F9CA-3AE2-8E3D-A34FC647ED8E}</UniqueIdentifier>
    </Filter>
  </ItemGroup>
</Project>
