
Microsoft Visual Studio Solution File, Format Version 12.00
# Visual Studio Version 16
Project("{8BC9CEB8-8B4A-11D0-8D11-00A0C91BC942}") = "ALL_BUILD", "ALL_BUILD.vcxproj", "{03457A96-884A-355A-B551-9CDB1A8A3862}"
	ProjectSection(ProjectDependencies) = postProject
		{F9733774-8B6D-3B84-8212-D0AEC9047A66} = {F9733774-8B6D-3B84-8212-D0AEC9047A66}
		{719C96CF-FFA1-3C9B-968F-AB2D1FCEC27E} = {719C96CF-FFA1-3C9B-968F-AB2D1FCEC27E}
		{C1263F5F-402D-301E-B84C-6679DB2AEB50} = {C1263F5F-402D-301E-B84C-6679DB2AEB50}
		{91752D2A-478F-337E-9920-EC33885E0D2A} = {91752D2A-478F-337E-9920-EC33885E0D2A}
		{2FADF73D-6956-362E-9A6F-3C1CBD04CB54} = {2FADF73D-6956-362E-9A6F-3C1CBD04CB54}
		{0395FDAA-DD94-30C8-B35F-5211F4FCA0B0} = {0395FDAA-DD94-30C8-B35F-5211F4FCA0B0}
		{E312FB0E-D0F4-317C-9DB4-B7E6FD7D28DC} = {E312FB0E-D0F4-317C-9DB4-B7E6FD7D28DC}
		{1F58833C-3B90-3FCD-8598-4AB7F0E69BF5} = {1F58833C-3B90-3FCD-8598-4AB7F0E69BF5}
		{C6E67261-8F3C-3254-8519-3C689003CB8F} = {C6E67261-8F3C-3254-8519-3C689003CB8F}
		{48BE985A-A4E4-31CC-B634-0C17FC8616D1} = {48BE985A-A4E4-31CC-B634-0C17FC8616D1}
	EndProjectSection
EndProject
Project("{8BC9CEB8-8B4A-11D0-8D11-00A0C91BC942}") = "ConfigureAdditionalLauncherSettings", "ConfigureAdditionalLauncherSettings.vcxproj", "{F9733774-8B6D-3B84-8212-D0AEC9047A66}"
	ProjectSection(ProjectDependencies) = postProject
		{C1263F5F-402D-301E-B84C-6679DB2AEB50} = {C1263F5F-402D-301E-B84C-6679DB2AEB50}
	EndProjectSection
EndProject
Project("{8BC9CEB8-8B4A-11D0-8D11-00A0C91BC942}") = "Continuous", "Continuous.vcxproj", "{B74EA256-9CE3-34A8-B163-FCB2235A0365}"
	ProjectSection(ProjectDependencies) = postProject
		{C1263F5F-402D-301E-B84C-6679DB2AEB50} = {C1263F5F-402D-301E-B84C-6679DB2AEB50}
	EndProjectSection
EndProject
Project("{8BC9CEB8-8B4A-11D0-8D11-00A0C91BC942}") = "Experimental", "Experimental.vcxproj", "{AB5D1265-9306-39AE-900D-5F26CFB04598}"
	ProjectSection(ProjectDependencies) = postProject
		{C1263F5F-402D-301E-B84C-6679DB2AEB50} = {C1263F5F-402D-301E-B84C-6679DB2AEB50}
	EndProjectSection
EndProject
Project("{8BC9CEB8-8B4A-11D0-8D11-00A0C91BC942}") = "INSTALL", "INSTALL.vcxproj", "{81120424-9CF1-3D1F-89AE-51444BD0AD97}"
	ProjectSection(ProjectDependencies) = postProject
		{03457A96-884A-355A-B551-9CDB1A8A3862} = {03457A96-884A-355A-B551-9CDB1A8A3862}
		{C1263F5F-402D-301E-B84C-6679DB2AEB50} = {C1263F5F-402D-301E-B84C-6679DB2AEB50}
	EndProjectSection
EndProject
Project("{8BC9CEB8-8B4A-11D0-8D11-00A0C91BC942}") = "Nightly", "Nightly.vcxproj", "{B3189FBE-3AE6-37BD-BCCB-05556122BE49}"
	ProjectSection(ProjectDependencies) = postProject
		{C1263F5F-402D-301E-B84C-6679DB2AEB50} = {C1263F5F-402D-301E-B84C-6679DB2AEB50}
	EndProjectSection
EndProject
Project("{8BC9CEB8-8B4A-11D0-8D11-00A0C91BC942}") = "NightlyMemoryCheck", "NightlyMemoryCheck.vcxproj", "{51FF364B-06C7-3F51-895F-C4527FD36417}"
	ProjectSection(ProjectDependencies) = postProject
		{C1263F5F-402D-301E-B84C-6679DB2AEB50} = {C1263F5F-402D-301E-B84C-6679DB2AEB50}
	EndProjectSection
EndProject
Project("{8BC9CEB8-8B4A-11D0-8D11-00A0C91BC942}") = "PACKAGE", "PACKAGE.vcxproj", "{E8491E37-EF46-3AD0-9410-745DF7AB948E}"
	ProjectSection(ProjectDependencies) = postProject
		{03457A96-884A-355A-B551-9CDB1A8A3862} = {03457A96-884A-355A-B551-9CDB1A8A3862}
		{C1263F5F-402D-301E-B84C-6679DB2AEB50} = {C1263F5F-402D-301E-B84C-6679DB2AEB50}
	EndProjectSection
EndProject
Project("{8BC9CEB8-8B4A-11D0-8D11-00A0C91BC942}") = "RUN_TESTS", "RUN_TESTS.vcxproj", "{27964806-95CE-3236-9517-189B1E2EFED5}"
	ProjectSection(ProjectDependencies) = postProject
		{C1263F5F-402D-301E-B84C-6679DB2AEB50} = {C1263F5F-402D-301E-B84C-6679DB2AEB50}
	EndProjectSection
EndProject
Project("{8BC9CEB8-8B4A-11D0-8D11-00A0C91BC942}") = "SlicerWithVirtualDissectionConfigureLauncher", "SlicerWithVirtualDissectionConfigureLauncher.vcxproj", "{719C96CF-FFA1-3C9B-968F-AB2D1FCEC27E}"
	ProjectSection(ProjectDependencies) = postProject
		{C1263F5F-402D-301E-B84C-6679DB2AEB50} = {C1263F5F-402D-301E-B84C-6679DB2AEB50}
	EndProjectSection
EndProject
Project("{8BC9CEB8-8B4A-11D0-8D11-00A0C91BC942}") = "ZERO_CHECK", "ZERO_CHECK.vcxproj", "{C1263F5F-402D-301E-B84C-6679DB2AEB50}"
	ProjectSection(ProjectDependencies) = postProject
	EndProjectSection
EndProject
Project("{8BC9CEB8-8B4A-11D0-8D11-00A0C91BC942}") = "packageupload", "packageupload.vcxproj", "{08698FE2-C5DC-36A1-86DB-1EF3468C367E}"
	ProjectSection(ProjectDependencies) = postProject
		{C1263F5F-402D-301E-B84C-6679DB2AEB50} = {C1263F5F-402D-301E-B84C-6679DB2AEB50}
	EndProjectSection
EndProject
Project("{8BC9CEB8-8B4A-11D0-8D11-00A0C91BC942}") = "qSlicerVDModule", "VD\qSlicerVDModule.vcxproj", "{91752D2A-478F-337E-9920-EC33885E0D2A}"
	ProjectSection(ProjectDependencies) = postProject
		{C1263F5F-402D-301E-B84C-6679DB2AEB50} = {C1263F5F-402D-301E-B84C-6679DB2AEB50}
		{0395FDAA-DD94-30C8-B35F-5211F4FCA0B0} = {0395FDAA-DD94-30C8-B35F-5211F4FCA0B0}
		{1F58833C-3B90-3FCD-8598-4AB7F0E69BF5} = {1F58833C-3B90-3FCD-8598-4AB7F0E69BF5}
	EndProjectSection
EndProject
Project("{8BC9CEB8-8B4A-11D0-8D11-00A0C91BC942}") = "qSlicerVDModuleGenericCxxTests", "VD\qSlicerVDModuleGenericCxxTests.vcxproj", "{2FADF73D-6956-362E-9A6F-3C1CBD04CB54}"
	ProjectSection(ProjectDependencies) = postProject
		{C1263F5F-402D-301E-B84C-6679DB2AEB50} = {C1263F5F-402D-301E-B84C-6679DB2AEB50}
		{91752D2A-478F-337E-9920-EC33885E0D2A} = {91752D2A-478F-337E-9920-EC33885E0D2A}
		{0395FDAA-DD94-30C8-B35F-5211F4FCA0B0} = {0395FDAA-DD94-30C8-B35F-5211F4FCA0B0}
		{1F58833C-3B90-3FCD-8598-4AB7F0E69BF5} = {1F58833C-3B90-3FCD-8598-4AB7F0E69BF5}
	EndProjectSection
EndProject
Project("{8BC9CEB8-8B4A-11D0-8D11-00A0C91BC942}") = "qSlicerVDModuleWidgets", "VD\Widgets\qSlicerVDModuleWidgets.vcxproj", "{0395FDAA-DD94-30C8-B35F-5211F4FCA0B0}"
	ProjectSection(ProjectDependencies) = postProject
		{C1263F5F-402D-301E-B84C-6679DB2AEB50} = {C1263F5F-402D-301E-B84C-6679DB2AEB50}
		{1F58833C-3B90-3FCD-8598-4AB7F0E69BF5} = {1F58833C-3B90-3FCD-8598-4AB7F0E69BF5}
	EndProjectSection
EndProject
Project("{8BC9CEB8-8B4A-11D0-8D11-00A0C91BC942}") = "qSlicerVDModuleWidgetsPythonQt", "VD\Widgets\qSlicerVDModuleWidgetsPythonQt.vcxproj", "{E312FB0E-D0F4-317C-9DB4-B7E6FD7D28DC}"
	ProjectSection(ProjectDependencies) = postProject
		{C1263F5F-402D-301E-B84C-6679DB2AEB50} = {C1263F5F-402D-301E-B84C-6679DB2AEB50}
		{0395FDAA-DD94-30C8-B35F-5211F4FCA0B0} = {0395FDAA-DD94-30C8-B35F-5211F4FCA0B0}
		{1F58833C-3B90-3FCD-8598-4AB7F0E69BF5} = {1F58833C-3B90-3FCD-8598-4AB7F0E69BF5}
	EndProjectSection
EndProject
Project("{8BC9CEB8-8B4A-11D0-8D11-00A0C91BC942}") = "vtkSlicerVDModuleLogic", "VD\Logic\vtkSlicerVDModuleLogic.vcxproj", "{1F58833C-3B90-3FCD-8598-4AB7F0E69BF5}"
	ProjectSection(ProjectDependencies) = postProject
		{C1263F5F-402D-301E-B84C-6679DB2AEB50} = {C1263F5F-402D-301E-B84C-6679DB2AEB50}
	EndProjectSection
EndProject
Project("{8BC9CEB8-8B4A-11D0-8D11-00A0C91BC942}") = "vtkSlicerVDModuleLogicHierarchy", "VD\Logic\vtkSlicerVDModuleLogicHierarchy.vcxproj", "{A33EE6C4-E76E-38B6-87EF-031FA15B687E}"
	ProjectSection(ProjectDependencies) = postProject
		{C1263F5F-402D-301E-B84C-6679DB2AEB50} = {C1263F5F-402D-301E-B84C-6679DB2AEB50}
	EndProjectSection
EndProject
Project("{8BC9CEB8-8B4A-11D0-8D11-00A0C91BC942}") = "vtkSlicerVDModuleLogicPython", "VD\Logic\vtkSlicerVDModuleLogicPython.vcxproj", "{C6E67261-8F3C-3254-8519-3C689003CB8F}"
	ProjectSection(ProjectDependencies) = postProject
		{C1263F5F-402D-301E-B84C-6679DB2AEB50} = {C1263F5F-402D-301E-B84C-6679DB2AEB50}
		{1F58833C-3B90-3FCD-8598-4AB7F0E69BF5} = {1F58833C-3B90-3FCD-8598-4AB7F0E69BF5}
		{48BE985A-A4E4-31CC-B634-0C17FC8616D1} = {48BE985A-A4E4-31CC-B634-0C17FC8616D1}
	EndProjectSection
EndProject
Project("{8BC9CEB8-8B4A-11D0-8D11-00A0C91BC942}") = "vtkSlicerVDModuleLogicPythonD", "VD\Logic\vtkSlicerVDModuleLogicPythonD.vcxproj", "{48BE985A-A4E4-31CC-B634-0C17FC8616D1}"
	ProjectSection(ProjectDependencies) = postProject
		{C1263F5F-402D-301E-B84C-6679DB2AEB50} = {C1263F5F-402D-301E-B84C-6679DB2AEB50}
		{1F58833C-3B90-3FCD-8598-4AB7F0E69BF5} = {1F58833C-3B90-3FCD-8598-4AB7F0E69BF5}
		{A33EE6C4-E76E-38B6-87EF-031FA15B687E} = {A33EE6C4-E76E-38B6-87EF-031FA15B687E}
	EndProjectSection
EndProject
Global
	GlobalSection(SolutionConfigurationPlatforms) = preSolution
		Debug|x64 = Debug|x64
		Release|x64 = Release|x64
		MinSizeRel|x64 = MinSizeRel|x64
		RelWithDebInfo|x64 = RelWithDebInfo|x64
	EndGlobalSection
	GlobalSection(ProjectConfigurationPlatforms) = postSolution
		{03457A96-884A-355A-B551-9CDB1A8A3862}.Debug|x64.ActiveCfg = Debug|x64
		{03457A96-884A-355A-B551-9CDB1A8A3862}.Debug|x64.Build.0 = Debug|x64
		{03457A96-884A-355A-B551-9CDB1A8A3862}.Release|x64.ActiveCfg = Release|x64
		{03457A96-884A-355A-B551-9CDB1A8A3862}.Release|x64.Build.0 = Release|x64
		{03457A96-884A-355A-B551-9CDB1A8A3862}.MinSizeRel|x64.ActiveCfg = MinSizeRel|x64
		{03457A96-884A-355A-B551-9CDB1A8A3862}.MinSizeRel|x64.Build.0 = MinSizeRel|x64
		{03457A96-884A-355A-B551-9CDB1A8A3862}.RelWithDebInfo|x64.ActiveCfg = RelWithDebInfo|x64
		{03457A96-884A-355A-B551-9CDB1A8A3862}.RelWithDebInfo|x64.Build.0 = RelWithDebInfo|x64
		{F9733774-8B6D-3B84-8212-D0AEC9047A66}.Debug|x64.ActiveCfg = Debug|x64
		{F9733774-8B6D-3B84-8212-D0AEC9047A66}.Debug|x64.Build.0 = Debug|x64
		{F9733774-8B6D-3B84-8212-D0AEC9047A66}.Release|x64.ActiveCfg = Release|x64
		{F9733774-8B6D-3B84-8212-D0AEC9047A66}.Release|x64.Build.0 = Release|x64
		{F9733774-8B6D-3B84-8212-D0AEC9047A66}.MinSizeRel|x64.ActiveCfg = MinSizeRel|x64
		{F9733774-8B6D-3B84-8212-D0AEC9047A66}.MinSizeRel|x64.Build.0 = MinSizeRel|x64
		{F9733774-8B6D-3B84-8212-D0AEC9047A66}.RelWithDebInfo|x64.ActiveCfg = RelWithDebInfo|x64
		{F9733774-8B6D-3B84-8212-D0AEC9047A66}.RelWithDebInfo|x64.Build.0 = RelWithDebInfo|x64
		{B74EA256-9CE3-34A8-B163-FCB2235A0365}.Debug|x64.ActiveCfg = Debug|x64
		{B74EA256-9CE3-34A8-B163-FCB2235A0365}.Release|x64.ActiveCfg = Release|x64
		{B74EA256-9CE3-34A8-B163-FCB2235A0365}.MinSizeRel|x64.ActiveCfg = MinSizeRel|x64
		{B74EA256-9CE3-34A8-B163-FCB2235A0365}.RelWithDebInfo|x64.ActiveCfg = RelWithDebInfo|x64
		{AB5D1265-9306-39AE-900D-5F26CFB04598}.Debug|x64.ActiveCfg = Debug|x64
		{AB5D1265-9306-39AE-900D-5F26CFB04598}.Release|x64.ActiveCfg = Release|x64
		{AB5D1265-9306-39AE-900D-5F26CFB04598}.MinSizeRel|x64.ActiveCfg = MinSizeRel|x64
		{AB5D1265-9306-39AE-900D-5F26CFB04598}.RelWithDebInfo|x64.ActiveCfg = RelWithDebInfo|x64
		{81120424-9CF1-3D1F-89AE-51444BD0AD97}.Debug|x64.ActiveCfg = Debug|x64
		{81120424-9CF1-3D1F-89AE-51444BD0AD97}.Release|x64.ActiveCfg = Release|x64
		{81120424-9CF1-3D1F-89AE-51444BD0AD97}.MinSizeRel|x64.ActiveCfg = MinSizeRel|x64
		{81120424-9CF1-3D1F-89AE-51444BD0AD97}.RelWithDebInfo|x64.ActiveCfg = RelWithDebInfo|x64
		{B3189FBE-3AE6-37BD-BCCB-05556122BE49}.Debug|x64.ActiveCfg = Debug|x64
		{B3189FBE-3AE6-37BD-BCCB-05556122BE49}.Release|x64.ActiveCfg = Release|x64
		{B3189FBE-3AE6-37BD-BCCB-05556122BE49}.MinSizeRel|x64.ActiveCfg = MinSizeRel|x64
		{B3189FBE-3AE6-37BD-BCCB-05556122BE49}.RelWithDebInfo|x64.ActiveCfg = RelWithDebInfo|x64
		{51FF364B-06C7-3F51-895F-C4527FD36417}.Debug|x64.ActiveCfg = Debug|x64
		{51FF364B-06C7-3F51-895F-C4527FD36417}.Release|x64.ActiveCfg = Release|x64
		{51FF364B-06C7-3F51-895F-C4527FD36417}.MinSizeRel|x64.ActiveCfg = MinSizeRel|x64
		{51FF364B-06C7-3F51-895F-C4527FD36417}.RelWithDebInfo|x64.ActiveCfg = RelWithDebInfo|x64
		{E8491E37-EF46-3AD0-9410-745DF7AB948E}.Debug|x64.ActiveCfg = Debug|x64
		{E8491E37-EF46-3AD0-9410-745DF7AB948E}.Release|x64.ActiveCfg = Release|x64
		{E8491E37-EF46-3AD0-9410-745DF7AB948E}.MinSizeRel|x64.ActiveCfg = MinSizeRel|x64
		{E8491E37-EF46-3AD0-9410-745DF7AB948E}.RelWithDebInfo|x64.ActiveCfg = RelWithDebInfo|x64
		{27964806-95CE-3236-9517-189B1E2EFED5}.Debug|x64.ActiveCfg = Debug|x64
		{27964806-95CE-3236-9517-189B1E2EFED5}.Release|x64.ActiveCfg = Release|x64
		{27964806-95CE-3236-9517-189B1E2EFED5}.MinSizeRel|x64.ActiveCfg = MinSizeRel|x64
		{27964806-95CE-3236-9517-189B1E2EFED5}.RelWithDebInfo|x64.ActiveCfg = RelWithDebInfo|x64
		{719C96CF-FFA1-3C9B-968F-AB2D1FCEC27E}.Debug|x64.ActiveCfg = Debug|x64
		{719C96CF-FFA1-3C9B-968F-AB2D1FCEC27E}.Debug|x64.Build.0 = Debug|x64
		{719C96CF-FFA1-3C9B-968F-AB2D1FCEC27E}.Release|x64.ActiveCfg = Release|x64
		{719C96CF-FFA1-3C9B-968F-AB2D1FCEC27E}.Release|x64.Build.0 = Release|x64
		{719C96CF-FFA1-3C9B-968F-AB2D1FCEC27E}.MinSizeRel|x64.ActiveCfg = MinSizeRel|x64
		{719C96CF-FFA1-3C9B-968F-AB2D1FCEC27E}.MinSizeRel|x64.Build.0 = MinSizeRel|x64
		{719C96CF-FFA1-3C9B-968F-AB2D1FCEC27E}.RelWithDebInfo|x64.ActiveCfg = RelWithDebInfo|x64
		{719C96CF-FFA1-3C9B-968F-AB2D1FCEC27E}.RelWithDebInfo|x64.Build.0 = RelWithDebInfo|x64
		{C1263F5F-402D-301E-B84C-6679DB2AEB50}.Debug|x64.ActiveCfg = Debug|x64
		{C1263F5F-402D-301E-B84C-6679DB2AEB50}.Debug|x64.Build.0 = Debug|x64
		{C1263F5F-402D-301E-B84C-6679DB2AEB50}.Release|x64.ActiveCfg = Release|x64
		{C1263F5F-402D-301E-B84C-6679DB2AEB50}.Release|x64.Build.0 = Release|x64
		{C1263F5F-402D-301E-B84C-6679DB2AEB50}.MinSizeRel|x64.ActiveCfg = MinSizeRel|x64
		{C1263F5F-402D-301E-B84C-6679DB2AEB50}.MinSizeRel|x64.Build.0 = MinSizeRel|x64
		{C1263F5F-402D-301E-B84C-6679DB2AEB50}.RelWithDebInfo|x64.ActiveCfg = RelWithDebInfo|x64
		{C1263F5F-402D-301E-B84C-6679DB2AEB50}.RelWithDebInfo|x64.Build.0 = RelWithDebInfo|x64
		{08698FE2-C5DC-36A1-86DB-1EF3468C367E}.Debug|x64.ActiveCfg = Debug|x64
		{08698FE2-C5DC-36A1-86DB-1EF3468C367E}.Release|x64.ActiveCfg = Release|x64
		{08698FE2-C5DC-36A1-86DB-1EF3468C367E}.MinSizeRel|x64.ActiveCfg = MinSizeRel|x64
		{08698FE2-C5DC-36A1-86DB-1EF3468C367E}.RelWithDebInfo|x64.ActiveCfg = RelWithDebInfo|x64
		{91752D2A-478F-337E-9920-EC33885E0D2A}.Debug|x64.ActiveCfg = Debug|x64
		{91752D2A-478F-337E-9920-EC33885E0D2A}.Debug|x64.Build.0 = Debug|x64
		{91752D2A-478F-337E-9920-EC33885E0D2A}.Release|x64.ActiveCfg = Release|x64
		{91752D2A-478F-337E-9920-EC33885E0D2A}.Release|x64.Build.0 = Release|x64
		{91752D2A-478F-337E-9920-EC33885E0D2A}.MinSizeRel|x64.ActiveCfg = MinSizeRel|x64
		{91752D2A-478F-337E-9920-EC33885E0D2A}.MinSizeRel|x64.Build.0 = MinSizeRel|x64
		{91752D2A-478F-337E-9920-EC33885E0D2A}.RelWithDebInfo|x64.ActiveCfg = RelWithDebInfo|x64
		{91752D2A-478F-337E-9920-EC33885E0D2A}.RelWithDebInfo|x64.Build.0 = RelWithDebInfo|x64
		{2FADF73D-6956-362E-9A6F-3C1CBD04CB54}.Debug|x64.ActiveCfg = Debug|x64
		{2FADF73D-6956-362E-9A6F-3C1CBD04CB54}.Debug|x64.Build.0 = Debug|x64
		{2FADF73D-6956-362E-9A6F-3C1CBD04CB54}.Release|x64.ActiveCfg = Release|x64
		{2FADF73D-6956-362E-9A6F-3C1CBD04CB54}.Release|x64.Build.0 = Release|x64
		{2FADF73D-6956-362E-9A6F-3C1CBD04CB54}.MinSizeRel|x64.ActiveCfg = MinSizeRel|x64
		{2FADF73D-6956-362E-9A6F-3C1CBD04CB54}.MinSizeRel|x64.Build.0 = MinSizeRel|x64
		{2FADF73D-6956-362E-9A6F-3C1CBD04CB54}.RelWithDebInfo|x64.ActiveCfg = RelWithDebInfo|x64
		{2FADF73D-6956-362E-9A6F-3C1CBD04CB54}.RelWithDebInfo|x64.Build.0 = RelWithDebInfo|x64
		{0395FDAA-DD94-30C8-B35F-5211F4FCA0B0}.Debug|x64.ActiveCfg = Debug|x64
		{0395FDAA-DD94-30C8-B35F-5211F4FCA0B0}.Debug|x64.Build.0 = Debug|x64
		{0395FDAA-DD94-30C8-B35F-5211F4FCA0B0}.Release|x64.ActiveCfg = Release|x64
		{0395FDAA-DD94-30C8-B35F-5211F4FCA0B0}.Release|x64.Build.0 = Release|x64
		{0395FDAA-DD94-30C8-B35F-5211F4FCA0B0}.MinSizeRel|x64.ActiveCfg = MinSizeRel|x64
		{0395FDAA-DD94-30C8-B35F-5211F4FCA0B0}.MinSizeRel|x64.Build.0 = MinSizeRel|x64
		{0395FDAA-DD94-30C8-B35F-5211F4FCA0B0}.RelWithDebInfo|x64.ActiveCfg = RelWithDebInfo|x64
		{0395FDAA-DD94-30C8-B35F-5211F4FCA0B0}.RelWithDebInfo|x64.Build.0 = RelWithDebInfo|x64
		{E312FB0E-D0F4-317C-9DB4-B7E6FD7D28DC}.Debug|x64.ActiveCfg = Debug|x64
		{E312FB0E-D0F4-317C-9DB4-B7E6FD7D28DC}.Debug|x64.Build.0 = Debug|x64
		{E312FB0E-D0F4-317C-9DB4-B7E6FD7D28DC}.Release|x64.ActiveCfg = Release|x64
		{E312FB0E-D0F4-317C-9DB4-B7E6FD7D28DC}.Release|x64.Build.0 = Release|x64
		{E312FB0E-D0F4-317C-9DB4-B7E6FD7D28DC}.MinSizeRel|x64.ActiveCfg = MinSizeRel|x64
		{E312FB0E-D0F4-317C-9DB4-B7E6FD7D28DC}.MinSizeRel|x64.Build.0 = MinSizeRel|x64
		{E312FB0E-D0F4-317C-9DB4-B7E6FD7D28DC}.RelWithDebInfo|x64.ActiveCfg = RelWithDebInfo|x64
		{E312FB0E-D0F4-317C-9DB4-B7E6FD7D28DC}.RelWithDebInfo|x64.Build.0 = RelWithDebInfo|x64
		{1F58833C-3B90-3FCD-8598-4AB7F0E69BF5}.Debug|x64.ActiveCfg = Debug|x64
		{1F58833C-3B90-3FCD-8598-4AB7F0E69BF5}.Debug|x64.Build.0 = Debug|x64
		{1F58833C-3B90-3FCD-8598-4AB7F0E69BF5}.Release|x64.ActiveCfg = Release|x64
		{1F58833C-3B90-3FCD-8598-4AB7F0E69BF5}.Release|x64.Build.0 = Release|x64
		{1F58833C-3B90-3FCD-8598-4AB7F0E69BF5}.MinSizeRel|x64.ActiveCfg = MinSizeRel|x64
		{1F58833C-3B90-3FCD-8598-4AB7F0E69BF5}.MinSizeRel|x64.Build.0 = MinSizeRel|x64
		{1F58833C-3B90-3FCD-8598-4AB7F0E69BF5}.RelWithDebInfo|x64.ActiveCfg = RelWithDebInfo|x64
		{1F58833C-3B90-3FCD-8598-4AB7F0E69BF5}.RelWithDebInfo|x64.Build.0 = RelWithDebInfo|x64
		{A33EE6C4-E76E-38B6-87EF-031FA15B687E}.Debug|x64.ActiveCfg = Debug|x64
		{A33EE6C4-E76E-38B6-87EF-031FA15B687E}.Debug|x64.Build.0 = Debug|x64
		{A33EE6C4-E76E-38B6-87EF-031FA15B687E}.Release|x64.ActiveCfg = Release|x64
		{A33EE6C4-E76E-38B6-87EF-031FA15B687E}.Release|x64.Build.0 = Release|x64
		{A33EE6C4-E76E-38B6-87EF-031FA15B687E}.MinSizeRel|x64.ActiveCfg = MinSizeRel|x64
		{A33EE6C4-E76E-38B6-87EF-031FA15B687E}.MinSizeRel|x64.Build.0 = MinSizeRel|x64
		{A33EE6C4-E76E-38B6-87EF-031FA15B687E}.RelWithDebInfo|x64.ActiveCfg = RelWithDebInfo|x64
		{A33EE6C4-E76E-38B6-87EF-031FA15B687E}.RelWithDebInfo|x64.Build.0 = RelWithDebInfo|x64
		{C6E67261-8F3C-3254-8519-3C689003CB8F}.Debug|x64.ActiveCfg = Debug|x64
		{C6E67261-8F3C-3254-8519-3C689003CB8F}.Debug|x64.Build.0 = Debug|x64
		{C6E67261-8F3C-3254-8519-3C689003CB8F}.Release|x64.ActiveCfg = Release|x64
		{C6E67261-8F3C-3254-8519-3C689003CB8F}.Release|x64.Build.0 = Release|x64
		{C6E67261-8F3C-3254-8519-3C689003CB8F}.MinSizeRel|x64.ActiveCfg = MinSizeRel|x64
		{C6E67261-8F3C-3254-8519-3C689003CB8F}.MinSizeRel|x64.Build.0 = MinSizeRel|x64
		{C6E67261-8F3C-3254-8519-3C689003CB8F}.RelWithDebInfo|x64.ActiveCfg = RelWithDebInfo|x64
		{C6E67261-8F3C-3254-8519-3C689003CB8F}.RelWithDebInfo|x64.Build.0 = RelWithDebInfo|x64
		{48BE985A-A4E4-31CC-B634-0C17FC8616D1}.Debug|x64.ActiveCfg = Debug|x64
		{48BE985A-A4E4-31CC-B634-0C17FC8616D1}.Debug|x64.Build.0 = Debug|x64
		{48BE985A-A4E4-31CC-B634-0C17FC8616D1}.Release|x64.ActiveCfg = Release|x64
		{48BE985A-A4E4-31CC-B634-0C17FC8616D1}.Release|x64.Build.0 = Release|x64
		{48BE985A-A4E4-31CC-B634-0C17FC8616D1}.MinSizeRel|x64.ActiveCfg = MinSizeRel|x64
		{48BE985A-A4E4-31CC-B634-0C17FC8616D1}.MinSizeRel|x64.Build.0 = MinSizeRel|x64
		{48BE985A-A4E4-31CC-B634-0C17FC8616D1}.RelWithDebInfo|x64.ActiveCfg = RelWithDebInfo|x64
		{48BE985A-A4E4-31CC-B634-0C17FC8616D1}.RelWithDebInfo|x64.Build.0 = RelWithDebInfo|x64
	EndGlobalSection
	GlobalSection(ExtensibilityGlobals) = postSolution
		SolutionGuid = {1D398CE2-2F57-3711-8E6D-96019A0D19EB}
	EndGlobalSection
	GlobalSection(ExtensibilityAddIns) = postSolution
	EndGlobalSection
EndGlobal
