
Microsoft Visual Studio Solution File, Format Version 12.00
# Visual Studio Version 16
Project("{8BC9CEB8-8B4A-11D0-8D11-00A0C91BC942}") = "ALL_BUILD", "ALL_BUILD.vcxproj", "{C472AF63-2E91-3C40-8EBE-033D4B84AFB5}"
	ProjectSection(ProjectDependencies) = postProject
		{7963A049-4508-3540-BC37-1CD24A043C2C} = {7963A049-4508-3540-BC37-1CD24A043C2C}
		{D7B0A154-78EB-30B1-9023-E2E68A17A033} = {D7B0A154-78EB-30B1-9023-E2E68A17A033}
		{9E64183F-2791-3130-A383-9DBECDB7716F} = {9E64183F-2791-3130-A383-9DBECDB7716F}
	EndProjectSection
EndProject
Project("{8BC9CEB8-8B4A-11D0-8D11-00A0C91BC942}") = "INSTALL", "INSTALL.vcxproj", "{588D9CAF-9CE9-36F2-BA99-196F3B070504}"
	ProjectSection(ProjectDependencies) = postProject
		{C472AF63-2E91-3C40-8EBE-033D4B84AFB5} = {C472AF63-2E91-3C40-8EBE-033D4B84AFB5}
		{7963A049-4508-3540-BC37-1CD24A043C2C} = {7963A049-4508-3540-BC37-1CD24A043C2C}
	EndProjectSection
EndProject
Project("{8BC9CEB8-8B4A-11D0-8D11-00A0C91BC942}") = "PACKAGE", "PACKAGE.vcxproj", "{6F5C1816-7955-3ED1-8822-7B86FDB46644}"
	ProjectSection(ProjectDependencies) = postProject
		{C472AF63-2E91-3C40-8EBE-033D4B84AFB5} = {C472AF63-2E91-3C40-8EBE-033D4B84AFB5}
		{7963A049-4508-3540-BC37-1CD24A043C2C} = {7963A049-4508-3540-BC37-1CD24A043C2C}
	EndProjectSection
EndProject
Project("{8BC9CEB8-8B4A-11D0-8D11-00A0C91BC942}") = "RUN_TESTS", "RUN_TESTS.vcxproj", "{23B7BF4E-CBB5-3A43-8CAF-F454D02BCAE1}"
	ProjectSection(ProjectDependencies) = postProject
		{7963A049-4508-3540-BC37-1CD24A043C2C} = {7963A049-4508-3540-BC37-1CD24A043C2C}
	EndProjectSection
EndProject
Project("{8BC9CEB8-8B4A-11D0-8D11-00A0C91BC942}") = "ZERO_CHECK", "..\..\\ZERO_CHECK.vcxproj", "{7963A049-4508-3540-BC37-1CD24A043C2C}"
	ProjectSection(ProjectDependencies) = postProject
	EndProjectSection
EndProject
Project("{8BC9CEB8-8B4A-11D0-8D11-00A0C91BC942}") = "qSlicerVDModuleWidgets", "qSlicerVDModuleWidgets.vcxproj", "{D7B0A154-78EB-30B1-9023-E2E68A17A033}"
	ProjectSection(ProjectDependencies) = postProject
		{7963A049-4508-3540-BC37-1CD24A043C2C} = {7963A049-4508-3540-BC37-1CD24A043C2C}
		{12AE9256-2F59-3504-83CE-BB7F9F635D05} = {12AE9256-2F59-3504-83CE-BB7F9F635D05}
	EndProjectSection
EndProject
Project("{8BC9CEB8-8B4A-11D0-8D11-00A0C91BC942}") = "qSlicerVDModuleWidgetsPythonQt", "qSlicerVDModuleWidgetsPythonQt.vcxproj", "{9E64183F-2791-3130-A383-9DBECDB7716F}"
	ProjectSection(ProjectDependencies) = postProject
		{7963A049-4508-3540-BC37-1CD24A043C2C} = {7963A049-4508-3540-BC37-1CD24A043C2C}
		{D7B0A154-78EB-30B1-9023-E2E68A17A033} = {D7B0A154-78EB-30B1-9023-E2E68A17A033}
		{12AE9256-2F59-3504-83CE-BB7F9F635D05} = {12AE9256-2F59-3504-83CE-BB7F9F635D05}
	EndProjectSection
EndProject
Project("{8BC9CEB8-8B4A-11D0-8D11-00A0C91BC942}") = "vtkSlicerVDModuleLogic", "..\Logic\vtkSlicerVDModuleLogic.vcxproj", "{12AE9256-2F59-3504-83CE-BB7F9F635D05}"
	ProjectSection(ProjectDependencies) = postProject
		{7963A049-4508-3540-BC37-1CD24A043C2C} = {7963A049-4508-3540-BC37-1CD24A043C2C}
	EndProjectSection
EndProject
Global
	GlobalSection(SolutionConfigurationPlatforms) = preSolution
		Debug|x64 = Debug|x64
		Release|x64 = Release|x64
		MinSizeRel|x64 = MinSizeRel|x64
		RelWithDebInfo|x64 = RelWithDebInfo|x64
	EndGlobalSection
	GlobalSection(ProjectConfigurationPlatforms) = postSolution
		{C472AF63-2E91-3C40-8EBE-033D4B84AFB5}.Debug|x64.ActiveCfg = Debug|x64
		{C472AF63-2E91-3C40-8EBE-033D4B84AFB5}.Debug|x64.Build.0 = Debug|x64
		{C472AF63-2E91-3C40-8EBE-033D4B84AFB5}.Release|x64.ActiveCfg = Release|x64
		{C472AF63-2E91-3C40-8EBE-033D4B84AFB5}.Release|x64.Build.0 = Release|x64
		{C472AF63-2E91-3C40-8EBE-033D4B84AFB5}.MinSizeRel|x64.ActiveCfg = MinSizeRel|x64
		{C472AF63-2E91-3C40-8EBE-033D4B84AFB5}.MinSizeRel|x64.Build.0 = MinSizeRel|x64
		{C472AF63-2E91-3C40-8EBE-033D4B84AFB5}.RelWithDebInfo|x64.ActiveCfg = RelWithDebInfo|x64
		{C472AF63-2E91-3C40-8EBE-033D4B84AFB5}.RelWithDebInfo|x64.Build.0 = RelWithDebInfo|x64
		{588D9CAF-9CE9-36F2-BA99-196F3B070504}.Debug|x64.ActiveCfg = Debug|x64
		{588D9CAF-9CE9-36F2-BA99-196F3B070504}.Release|x64.ActiveCfg = Release|x64
		{588D9CAF-9CE9-36F2-BA99-196F3B070504}.MinSizeRel|x64.ActiveCfg = MinSizeRel|x64
		{588D9CAF-9CE9-36F2-BA99-196F3B070504}.RelWithDebInfo|x64.ActiveCfg = RelWithDebInfo|x64
		{6F5C1816-7955-3ED1-8822-7B86FDB46644}.Debug|x64.ActiveCfg = Debug|x64
		{6F5C1816-7955-3ED1-8822-7B86FDB46644}.Release|x64.ActiveCfg = Release|x64
		{6F5C1816-7955-3ED1-8822-7B86FDB46644}.MinSizeRel|x64.ActiveCfg = MinSizeRel|x64
		{6F5C1816-7955-3ED1-8822-7B86FDB46644}.RelWithDebInfo|x64.ActiveCfg = RelWithDebInfo|x64
		{23B7BF4E-CBB5-3A43-8CAF-F454D02BCAE1}.Debug|x64.ActiveCfg = Debug|x64
		{23B7BF4E-CBB5-3A43-8CAF-F454D02BCAE1}.Release|x64.ActiveCfg = Release|x64
		{23B7BF4E-CBB5-3A43-8CAF-F454D02BCAE1}.MinSizeRel|x64.ActiveCfg = MinSizeRel|x64
		{23B7BF4E-CBB5-3A43-8CAF-F454D02BCAE1}.RelWithDebInfo|x64.ActiveCfg = RelWithDebInfo|x64
		{7963A049-4508-3540-BC37-1CD24A043C2C}.Debug|x64.ActiveCfg = Debug|x64
		{7963A049-4508-3540-BC37-1CD24A043C2C}.Debug|x64.Build.0 = Debug|x64
		{7963A049-4508-3540-BC37-1CD24A043C2C}.Release|x64.ActiveCfg = Release|x64
		{7963A049-4508-3540-BC37-1CD24A043C2C}.Release|x64.Build.0 = Release|x64
		{7963A049-4508-3540-BC37-1CD24A043C2C}.MinSizeRel|x64.ActiveCfg = MinSizeRel|x64
		{7963A049-4508-3540-BC37-1CD24A043C2C}.MinSizeRel|x64.Build.0 = MinSizeRel|x64
		{7963A049-4508-3540-BC37-1CD24A043C2C}.RelWithDebInfo|x64.ActiveCfg = RelWithDebInfo|x64
		{7963A049-4508-3540-BC37-1CD24A043C2C}.RelWithDebInfo|x64.Build.0 = RelWithDebInfo|x64
		{D7B0A154-78EB-30B1-9023-E2E68A17A033}.Debug|x64.ActiveCfg = Debug|x64
		{D7B0A154-78EB-30B1-9023-E2E68A17A033}.Debug|x64.Build.0 = Debug|x64
		{D7B0A154-78EB-30B1-9023-E2E68A17A033}.Release|x64.ActiveCfg = Release|x64
		{D7B0A154-78EB-30B1-9023-E2E68A17A033}.Release|x64.Build.0 = Release|x64
		{D7B0A154-78EB-30B1-9023-E2E68A17A033}.MinSizeRel|x64.ActiveCfg = MinSizeRel|x64
		{D7B0A154-78EB-30B1-9023-E2E68A17A033}.MinSizeRel|x64.Build.0 = MinSizeRel|x64
		{D7B0A154-78EB-30B1-9023-E2E68A17A033}.RelWithDebInfo|x64.ActiveCfg = RelWithDebInfo|x64
		{D7B0A154-78EB-30B1-9023-E2E68A17A033}.RelWithDebInfo|x64.Build.0 = RelWithDebInfo|x64
		{9E64183F-2791-3130-A383-9DBECDB7716F}.Debug|x64.ActiveCfg = Debug|x64
		{9E64183F-2791-3130-A383-9DBECDB7716F}.Debug|x64.Build.0 = Debug|x64
		{9E64183F-2791-3130-A383-9DBECDB7716F}.Release|x64.ActiveCfg = Release|x64
		{9E64183F-2791-3130-A383-9DBECDB7716F}.Release|x64.Build.0 = Release|x64
		{9E64183F-2791-3130-A383-9DBECDB7716F}.MinSizeRel|x64.ActiveCfg = MinSizeRel|x64
		{9E64183F-2791-3130-A383-9DBECDB7716F}.MinSizeRel|x64.Build.0 = MinSizeRel|x64
		{9E64183F-2791-3130-A383-9DBECDB7716F}.RelWithDebInfo|x64.ActiveCfg = RelWithDebInfo|x64
		{9E64183F-2791-3130-A383-9DBECDB7716F}.RelWithDebInfo|x64.Build.0 = RelWithDebInfo|x64
		{12AE9256-2F59-3504-83CE-BB7F9F635D05}.Debug|x64.ActiveCfg = Debug|x64
		{12AE9256-2F59-3504-83CE-BB7F9F635D05}.Debug|x64.Build.0 = Debug|x64
		{12AE9256-2F59-3504-83CE-BB7F9F635D05}.Release|x64.ActiveCfg = Release|x64
		{12AE9256-2F59-3504-83CE-BB7F9F635D05}.Release|x64.Build.0 = Release|x64
		{12AE9256-2F59-3504-83CE-BB7F9F635D05}.MinSizeRel|x64.ActiveCfg = MinSizeRel|x64
		{12AE9256-2F59-3504-83CE-BB7F9F635D05}.MinSizeRel|x64.Build.0 = MinSizeRel|x64
		{12AE9256-2F59-3504-83CE-BB7F9F635D05}.RelWithDebInfo|x64.ActiveCfg = RelWithDebInfo|x64
		{12AE9256-2F59-3504-83CE-BB7F9F635D05}.RelWithDebInfo|x64.Build.0 = RelWithDebInfo|x64
	EndGlobalSection
	GlobalSection(ExtensibilityGlobals) = postSolution
		SolutionGuid = {8F683CF0-6E14-3C97-97FF-F5BC2C862A8A}
	EndGlobalSection
	GlobalSection(ExtensibilityAddIns) = postSolution
	EndGlobalSection
EndGlobal
