<?xml version="1.0" encoding="utf-8"?>
<Project ToolsVersion="16.0" xmlns="http://schemas.microsoft.com/developer/msbuild/2003">
  <ItemGroup>
    <ClCompile Include="C:\dev\SlicerFirstExtension\VirtualDissection\VD\qSlicerVDModuleCxxTests.cxx">
      <Filter>Source Files</Filter>
    </ClCompile>
    <ClCompile Include="C:\dev\SlicerFirstExtension\VirtualDissection\VD\qSlicerVDModuleGenericTest.cxx">
      <Filter>Source Files</Filter>
    </ClCompile>
    <ClCompile Include="C:\dev\SlicerFirstExtension\VirtualDissection\VD\qSlicerVDModuleWidgetGenericTest.cxx">
      <Filter>Source Files</Filter>
    </ClCompile>
  </ItemGroup>
  <ItemGroup>
    <CustomBuild Include="C:\dev\SlicerFirstExtension\VirtualDissection\VD\CMakeLists.txt" />
  </ItemGroup>
  <ItemGroup>
    <Filter Include="Source Files">
      <UniqueIdentifier>{3388C126-128F-3B80-A97B-10957699EA28}</UniqueIdentifier>
    </Filter>
  </ItemGroup>
</Project>
